
Microsoft Visual Studio Solution File, Format Version 12.00
Project("{FAE04EC0-301F-11D3-BF4B-00C04F79EFBC}") = "SystemMonitor.Core", "SystemMonitor.Core\SystemMonitor.Core.csproj", "{7AA6C46A-3B91-40E3-BB33-387A0ABE55BD}"
EndProject
Project("{FAE04EC0-301F-11D3-BF4B-00C04F79EFBC}") = "SystemMonitor.Infrastructure", "SystemMonitor.Infrastructure\SystemMonitor.Infrastructure.csproj", "{80899AF3-C0EB-4F3A-A7A2-7159D7A3346C}"
EndProject
Project("{FAE04EC0-301F-11D3-BF4B-00C04F79EFBC}") = "SystemMonitor.Plugin.LogToConsole", "SystemMonitor.Plugin.LogToConsole\SystemMonitor.Plugin.LogToConsole.csproj", "{5A962CED-EEFA-49DB-BF02-809FB58C797E}"
EndProject
Project("{FAE04EC0-301F-11D3-BF4B-00C04F79EFBC}") = "SystemMonitor.Plugin.LogToFile", "SystemMonitor.Plugin.LogToFile\SystemMonitor.Plugin.LogToFile.csproj", "{5B40A8C6-C419-40E2-863B-62060C3E457F}"
EndProject
Project("{FAE04EC0-301F-11D3-BF4B-00C04F79EFBC}") = "SystemMonitor.Plugin.LogToApi", "SystemMonitor.Plugin.LogToApi\SystemMonitor.Plugin.LogToApi.csproj", "{B778D56E-7063-4CEF-B45D-57D706CE3BA6}"
EndProject
Global
	GlobalSection(SolutionConfigurationPlatforms) = preSolution
		Debug|Any CPU = Debug|Any CPU
		Release|Any CPU = Release|Any CPU
	EndGlobalSection
	GlobalSection(SolutionProperties) = preSolution
		HideSolutionNode = FALSE
	EndGlobalSection
	GlobalSection(ProjectConfigurationPlatforms) = postSolution
		{7AA6C46A-3B91-40E3-BB33-387A0ABE55BD}.Debug|Any CPU.ActiveCfg = Debug|Any CPU
		{7AA6C46A-3B91-40E3-BB33-387A0ABE55BD}.Debug|Any CPU.Build.0 = Debug|Any CPU
		{7AA6C46A-3B91-40E3-BB33-387A0ABE55BD}.Release|Any CPU.ActiveCfg = Release|Any CPU
		{7AA6C46A-3B91-40E3-BB33-387A0ABE55BD}.Release|Any CPU.Build.0 = Release|Any CPU
		{80899AF3-C0EB-4F3A-A7A2-7159D7A3346C}.Debug|Any CPU.ActiveCfg = Debug|Any CPU
		{80899AF3-C0EB-4F3A-A7A2-7159D7A3346C}.Debug|Any CPU.Build.0 = Debug|Any CPU
		{80899AF3-C0EB-4F3A-A7A2-7159D7A3346C}.Release|Any CPU.ActiveCfg = Release|Any CPU
		{80899AF3-C0EB-4F3A-A7A2-7159D7A3346C}.Release|Any CPU.Build.0 = Release|Any CPU
		{5A962CED-EEFA-49DB-BF02-809FB58C797E}.Debug|Any CPU.ActiveCfg = Debug|Any CPU
		{5A962CED-EEFA-49DB-BF02-809FB58C797E}.Debug|Any CPU.Build.0 = Debug|Any CPU
		{5A962CED-EEFA-49DB-BF02-809FB58C797E}.Release|Any CPU.ActiveCfg = Release|Any CPU
		{5A962CED-EEFA-49DB-BF02-809FB58C797E}.Release|Any CPU.Build.0 = Release|Any CPU
		{5B40A8C6-C419-40E2-863B-62060C3E457F}.Debug|Any CPU.ActiveCfg = Debug|Any CPU
		{5B40A8C6-C419-40E2-863B-62060C3E457F}.Debug|Any CPU.Build.0 = Debug|Any CPU
		{5B40A8C6-C419-40E2-863B-62060C3E457F}.Release|Any CPU.ActiveCfg = Release|Any CPU
		{5B40A8C6-C419-40E2-863B-62060C3E457F}.Release|Any CPU.Build.0 = Release|Any CPU
		{B778D56E-7063-4CEF-B45D-57D706CE3BA6}.Debug|Any CPU.ActiveCfg = Debug|Any CPU
		{B778D56E-7063-4CEF-B45D-57D706CE3BA6}.Debug|Any CPU.Build.0 = Debug|Any CPU
		{B778D56E-7063-4CEF-B45D-57D706CE3BA6}.Release|Any CPU.ActiveCfg = Release|Any CPU
		{B778D56E-7063-4CEF-B45D-57D706CE3BA6}.Release|Any CPU.Build.0 = Release|Any CPU
	EndGlobalSection
EndGlobal
